
Microsoft Visual Studio Solution File, Format Version 12.00
# Visual Studio 14
VisualStudioVersion = 14.0.25420.1
MinimumVisualStudioVersion = 10.0.40219.1
Project("{FAE04EC0-301F-11D3-BF4B-00C04F79EFBC}") = "CHCFYYWebApp", "CHCFYYWebApp\CHCFYYWebApp.csproj", "{86E792D0-E1B7-4F5D-A3CA-68A611324E61}"
EndProject
Project("{FAE04EC0-301F-11D3-BF4B-00C04F79EFBC}") = "DLL", "DLL\DLL.csproj", "{B1B9D178-8EAB-4FDC-8954-C312AC08BA4C}"
EndProject
Project("{FAE04EC0-301F-11D3-BF4B-00C04F79EFBC}") = "DB", "DB\DB.csproj", "{1A206032-A6D2-4218-B798-658D85C10F7C}"
EndProject
Global
	GlobalSection(SolutionConfigurationPlatforms) = preSolution
		Debug|Any CPU = Debug|Any CPU
		Release|Any CPU = Release|Any CPU
	EndGlobalSection
	GlobalSection(ProjectConfigurationPlatforms) = postSolution
		{86E792D0-E1B7-4F5D-A3CA-68A611324E61}.Debug|Any CPU.ActiveCfg = Debug|Any CPU
		{86E792D0-E1B7-4F5D-A3CA-68A611324E61}.Debug|Any CPU.Build.0 = Debug|Any CPU
		{86E792D0-E1B7-4F5D-A3CA-68A611324E61}.Release|Any CPU.ActiveCfg = Release|Any CPU
		{86E792D0-E1B7-4F5D-A3CA-68A611324E61}.Release|Any CPU.Build.0 = Release|Any CPU
		{B1B9D178-8EAB-4FDC-8954-C312AC08BA4C}.Debug|Any CPU.ActiveCfg = Debug|Any CPU
		{B1B9D178-8EAB-4FDC-8954-C312AC08BA4C}.Debug|Any CPU.Build.0 = Debug|Any CPU
		{B1B9D178-8EAB-4FDC-8954-C312AC08BA4C}.Release|Any CPU.ActiveCfg = Release|Any CPU
		{B1B9D178-8EAB-4FDC-8954-C312AC08BA4C}.Release|Any CPU.Build.0 = Release|Any CPU
		{1A206032-A6D2-4218-B798-658D85C10F7C}.Debug|Any CPU.ActiveCfg = Debug|Any CPU
		{1A206032-A6D2-4218-B798-658D85C10F7C}.Debug|Any CPU.Build.0 = Debug|Any CPU
		{1A206032-A6D2-4218-B798-658D85C10F7C}.Release|Any CPU.ActiveCfg = Release|Any CPU
		{1A206032-A6D2-4218-B798-658D85C10F7C}.Release|Any CPU.Build.0 = Release|Any CPU
	EndGlobalSection
	GlobalSection(SolutionProperties) = preSolution
		HideSolutionNode = FALSE
	EndGlobalSection
EndGlobal
